// !$*UTF8*$!
{
	archiveVersion = 1;
	classes = {
	};
	objectVersion = 47;
	objects = {

/* Begin PBXBuildFile section */
		A06B2A211C17CACD00CB68AF /* AppDelegate.swift in Sources */ = {isa = PBXBuildFile; fileRef = A06B2A201C17CACD00CB68AF /* AppDelegate.swift */; };
		A06B2A231C17CACD00CB68AF /* ViewController.swift in Sources */ = {isa = PBXBuildFile; fileRef = A06B2A221C17CACD00CB68AF /* ViewController.swift */; };
		A06B2A261C17CACD00CB68AF /* Main.storyboard in Resources */ = {isa = PBXBuildFile; fileRef = A06B2A241C17CACD00CB68AF /* Main.storyboard */; };
		A06B2A2B1C17CACD00CB68AF /* LaunchScreen.storyboard in Resources */ = {isa = PBXBuildFile; fileRef = A06B2A291C17CACD00CB68AF /* LaunchScreen.storyboard */; };
		A06B2A361C17CACE00CB68AF /* Swift01Tests.swift in Sources */ = {isa = PBXBuildFile; fileRef = A06B2A351C17CACE00CB68AF /* Swift01Tests.swift */; };
		A06B2A411C17CACF00CB68AF /* Swift01UITests.swift in Sources */ = {isa = PBXBuildFile; fileRef = A06B2A401C17CACF00CB68AF /* Swift01UITests.swift */; };
		A06B2A551C17DC4B00CB68AF /* Lufylegend.swift in Sources */ = {isa = PBXBuildFile; fileRef = A06B2A541C17DC4B00CB68AF /* Lufylegend.swift */; };
		A06B2A571C17F09B00CB68AF /* lufylegend.swift.js in Resources */ = {isa = PBXBuildFile; fileRef = A06B2A561C17F09B00CB68AF /* lufylegend.swift.js */; };
		AD6B39CB1CCBDCE6005C2DF8 /* StoreKit.framework in Frameworks */ = {isa = PBXBuildFile; fileRef = AD6B39CA1CCBDCE6005C2DF8 /* StoreKit.framework */; };
		AD6B39CF1CCC5E95005C2DF8 /* XXXPurchaseManager.swift in Sources */ = {isa = PBXBuildFile; fileRef = AD6B39CE1CCC5E95005C2DF8 /* XXXPurchaseManager.swift */; };
		AD6B39D11CCC62EB005C2DF8 /* XXXProductManager.swift in Sources */ = {isa = PBXBuildFile; fileRef = AD6B39D01CCC62EB005C2DF8 /* XXXProductManager.swift */; };
		AD6B39D51CD24D04005C2DF8 /* game in Resources */ = {isa = PBXBuildFile; fileRef = AD6B39D41CD24D04005C2DF8 /* game */; };
		AD6B39D61CD5F415005C2DF8 /* Assets.xcassets in Resources */ = {isa = PBXBuildFile; fileRef = A06B2A271C17CACD00CB68AF /* Assets.xcassets */; };
		AD8B67981CBFDD0800195B8D /* jsc.m in Sources */ = {isa = PBXBuildFile; fileRef = AD8B67971CBFDD0800195B8D /* jsc.m */; };
		ADEB18871D09167D00C86030 /* Default-568@2x.png in Resources */ = {isa = PBXBuildFile; fileRef = ADEB18851D09167D00C86030 /* Default-568@2x.png */; };
/* End PBXBuildFile section */

/* Begin PBXContainerItemProxy section */
		A06B2A321C17CACD00CB68AF /* PBXContainerItemProxy */ = {
			isa = PBXContainerItemProxy;
			containerPortal = A06B2A151C17CACD00CB68AF /* Project object */;
			proxyType = 1;
			remoteGlobalIDString = A06B2A1C1C17CACD00CB68AF;
			remoteInfo = Swift01;
		};
		A06B2A3D1C17CACE00CB68AF /* PBXContainerItemProxy */ = {
			isa = PBXContainerItemProxy;
			containerPortal = A06B2A151C17CACD00CB68AF /* Project object */;
			proxyType = 1;
			remoteGlobalIDString = A06B2A1C1C17CACD00CB68AF;
			remoteInfo = Swift01;
		};
/* End PBXContainerItemProxy section */

/* Begin PBXFileReference section */
		A06B2A1D1C17CACD00CB68AF /* 三国記.app */ = {isa = PBXFileReference; explicitFileType = wrapper.application; includeInIndex = 0; path = "三国記.app"; sourceTree = BUILT_PRODUCTS_DIR; };
		A06B2A201C17CACD00CB68AF /* AppDelegate.swift */ = {isa = PBXFileReference; lastKnownFileType = sourcecode.swift; path = AppDelegate.swift; sourceTree = "<group>"; };
		A06B2A221C17CACD00CB68AF /* ViewController.swift */ = {isa = PBXFileReference; lastKnownFileType = sourcecode.swift; path = ViewController.swift; sourceTree = "<group>"; };
		A06B2A251C17CACD00CB68AF /* Base */ = {isa = PBXFileReference; lastKnownFileType = file.storyboard; name = Base; path = Base.lproj/Main.storyboard; sourceTree = "<group>"; };
		A06B2A271C17CACD00CB68AF /* Assets.xcassets */ = {isa = PBXFileReference; lastKnownFileType = folder.assetcatalog; path = Assets.xcassets; sourceTree = "<group>"; };
		A06B2A2A1C17CACD00CB68AF /* Base */ = {isa = PBXFileReference; lastKnownFileType = file.storyboard; name = Base; path = Base.lproj/LaunchScreen.storyboard; sourceTree = "<group>"; };
		A06B2A2C1C17CACD00CB68AF /* Info.plist */ = {isa = PBXFileReference; lastKnownFileType = text.plist.xml; path = Info.plist; sourceTree = "<group>"; };
		A06B2A311C17CACD00CB68AF /* Swift01Tests.xctest */ = {isa = PBXFileReference; explicitFileType = wrapper.cfbundle; includeInIndex = 0; path = Swift01Tests.xctest; sourceTree = BUILT_PRODUCTS_DIR; };
		A06B2A351C17CACE00CB68AF /* Swift01Tests.swift */ = {isa = PBXFileReference; lastKnownFileType = sourcecode.swift; path = Swift01Tests.swift; sourceTree = "<group>"; };
		A06B2A371C17CACE00CB68AF /* Info.plist */ = {isa = PBXFileReference; lastKnownFileType = text.plist.xml; path = Info.plist; sourceTree = "<group>"; };
		A06B2A3C1C17CACE00CB68AF /* Swift01UITests.xctest */ = {isa = PBXFileReference; explicitFileType = wrapper.cfbundle; includeInIndex = 0; path = Swift01UITests.xctest; sourceTree = BUILT_PRODUCTS_DIR; };
		A06B2A401C17CACF00CB68AF /* Swift01UITests.swift */ = {isa = PBXFileReference; lastKnownFileType = sourcecode.swift; path = Swift01UITests.swift; sourceTree = "<group>"; };
		A06B2A421C17CACF00CB68AF /* Info.plist */ = {isa = PBXFileReference; lastKnownFileType = text.plist.xml; path = Info.plist; sourceTree = "<group>"; };
		A06B2A541C17DC4B00CB68AF /* Lufylegend.swift */ = {isa = PBXFileReference; fileEncoding = 4; lastKnownFileType = sourcecode.swift; path = Lufylegend.swift; sourceTree = "<group>"; };
		A06B2A561C17F09B00CB68AF /* lufylegend.swift.js */ = {isa = PBXFileReference; fileEncoding = 4; lastKnownFileType = sourcecode.javascript; path = lufylegend.swift.js; sourceTree = "<group>"; };
		AD6B39CA1CCBDCE6005C2DF8 /* StoreKit.framework */ = {isa = PBXFileReference; lastKnownFileType = wrapper.framework; name = StoreKit.framework; path = System/Library/Frameworks/StoreKit.framework; sourceTree = SDKROOT; };
		AD6B39CE1CCC5E95005C2DF8 /* XXXPurchaseManager.swift */ = {isa = PBXFileReference; fileEncoding = 4; lastKnownFileType = sourcecode.swift; path = XXXPurchaseManager.swift; sourceTree = "<group>"; };
		AD6B39D01CCC62EB005C2DF8 /* XXXProductManager.swift */ = {isa = PBXFileReference; fileEncoding = 4; lastKnownFileType = sourcecode.swift; path = XXXProductManager.swift; sourceTree = "<group>"; };
		AD6B39D41CD24D04005C2DF8 /* game */ = {isa = PBXFileReference; lastKnownFileType = folder; path = game; sourceTree = "<group>"; };
		AD8B67971CBFDD0800195B8D /* jsc.m */ = {isa = PBXFileReference; fileEncoding = 4; lastKnownFileType = sourcecode.c.objc; path = jsc.m; sourceTree = "<group>"; };
		AD8B67991CBFDD2500195B8D /* jsc.h */ = {isa = PBXFileReference; lastKnownFileType = sourcecode.c.h; path = jsc.h; sourceTree = "<group>"; };
		ADEB18861D09167D00C86030 /* Base */ = {isa = PBXFileReference; lastKnownFileType = image.png; name = Base; path = "Swift01/Base.lproj/Default-568@2x.png"; sourceTree = "<group>"; };
/* End PBXFileReference section */

/* Begin PBXFrameworksBuildPhase section */
		A06B2A1A1C17CACD00CB68AF /* Frameworks */ = {
			isa = PBXFrameworksBuildPhase;
			buildActionMask = 2147483647;
			files = (
				AD6B39CB1CCBDCE6005C2DF8 /* StoreKit.framework in Frameworks */,
			);
			runOnlyForDeploymentPostprocessing = 0;
		};
		A06B2A2E1C17CACD00CB68AF /* Frameworks */ = {
			isa = PBXFrameworksBuildPhase;
			buildActionMask = 2147483647;
			files = (
			);
			runOnlyForDeploymentPostprocessing = 0;
		};
		A06B2A391C17CACE00CB68AF /* Frameworks */ = {
			isa = PBXFrameworksBuildPhase;
			buildActionMask = 2147483647;
			files = (
			);
			runOnlyForDeploymentPostprocessing = 0;
		};
/* End PBXFrameworksBuildPhase section */

/* Begin PBXGroup section */
		A06B2A141C17CACD00CB68AF = {
			isa = PBXGroup;
			children = (
				ADEB18851D09167D00C86030 /* Default-568@2x.png */,
				AD6B39CA1CCBDCE6005C2DF8 /* StoreKit.framework */,
				A06B2A1F1C17CACD00CB68AF /* Swift01 */,
				A06B2A341C17CACE00CB68AF /* Swift01Tests */,
				A06B2A3F1C17CACE00CB68AF /* Swift01UITests */,
				A06B2A1E1C17CACD00CB68AF /* Products */,
			);
			sourceTree = "<group>";
		};
		A06B2A1E1C17CACD00CB68AF /* Products */ = {
			isa = PBXGroup;
			children = (
				A06B2A1D1C17CACD00CB68AF /* 三国記.app */,
				A06B2A311C17CACD00CB68AF /* Swift01Tests.xctest */,
				A06B2A3C1C17CACE00CB68AF /* Swift01UITests.xctest */,
			);
			name = Products;
			sourceTree = "<group>";
		};
		A06B2A1F1C17CACD00CB68AF /* Swift01 */ = {
			isa = PBXGroup;
			children = (
				AD6B39D41CD24D04005C2DF8 /* game */,
				A06B2A201C17CACD00CB68AF /* AppDelegate.swift */,
				A06B2A221C17CACD00CB68AF /* ViewController.swift */,
				A06B2A241C17CACD00CB68AF /* Main.storyboard */,
				A06B2A271C17CACD00CB68AF /* Assets.xcassets */,
				A06B2A291C17CACD00CB68AF /* LaunchScreen.storyboard */,
				A06B2A2C1C17CACD00CB68AF /* Info.plist */,
				A06B2A541C17DC4B00CB68AF /* Lufylegend.swift */,
				A06B2A561C17F09B00CB68AF /* lufylegend.swift.js */,
				AD8B67971CBFDD0800195B8D /* jsc.m */,
				AD8B67991CBFDD2500195B8D /* jsc.h */,
				AD6B39CE1CCC5E95005C2DF8 /* XXXPurchaseManager.swift */,
				AD6B39D01CCC62EB005C2DF8 /* XXXProductManager.swift */,
			);
			path = Swift01;
			sourceTree = "<group>";
		};
		A06B2A341C17CACE00CB68AF /* Swift01Tests */ = {
			isa = PBXGroup;
			children = (
				A06B2A351C17CACE00CB68AF /* Swift01Tests.swift */,
				A06B2A371C17CACE00CB68AF /* Info.plist */,
			);
			path = Swift01Tests;
			sourceTree = "<group>";
		};
		A06B2A3F1C17CACE00CB68AF /* Swift01UITests */ = {
			isa = PBXGroup;
			children = (
				A06B2A401C17CACF00CB68AF /* Swift01UITests.swift */,
				A06B2A421C17CACF00CB68AF /* Info.plist */,
			);
			path = Swift01UITests;
			sourceTree = "<group>";
		};
/* End PBXGroup section */

/* Begin PBXNativeTarget section */
		A06B2A1C1C17CACD00CB68AF /* Swift01 */ = {
			isa = PBXNativeTarget;
			buildConfigurationList = A06B2A451C17CACF00CB68AF /* Build configuration list for PBXNativeTarget "Swift01" */;
			buildPhases = (
				A06B2A191C17CACD00CB68AF /* Sources */,
				A06B2A1A1C17CACD00CB68AF /* Frameworks */,
				A06B2A1B1C17CACD00CB68AF /* Resources */,
			);
			buildRules = (
			);
			dependencies = (
			);
			name = Swift01;
			productName = Swift01;
			productReference = A06B2A1D1C17CACD00CB68AF /* 三国記.app */;
			productType = "com.apple.product-type.application";
		};
		A06B2A301C17CACD00CB68AF /* Swift01Tests */ = {
			isa = PBXNativeTarget;
			buildConfigurationList = A06B2A481C17CACF00CB68AF /* Build configuration list for PBXNativeTarget "Swift01Tests" */;
			buildPhases = (
				A06B2A2D1C17CACD00CB68AF /* Sources */,
				A06B2A2E1C17CACD00CB68AF /* Frameworks */,
				A06B2A2F1C17CACD00CB68AF /* Resources */,
			);
			buildRules = (
			);
			dependencies = (
				A06B2A331C17CACD00CB68AF /* PBXTargetDependency */,
			);
			name = Swift01Tests;
			productName = Swift01Tests;
			productReference = A06B2A311C17CACD00CB68AF /* Swift01Tests.xctest */;
			productType = "com.apple.product-type.bundle.unit-test";
		};
		A06B2A3B1C17CACE00CB68AF /* Swift01UITests */ = {
			isa = PBXNativeTarget;
			buildConfigurationList = A06B2A4B1C17CACF00CB68AF /* Build configuration list for PBXNativeTarget "Swift01UITests" */;
			buildPhases = (
				A06B2A381C17CACE00CB68AF /* Sources */,
				A06B2A391C17CACE00CB68AF /* Frameworks */,
				A06B2A3A1C17CACE00CB68AF /* Resources */,
			);
			buildRules = (
			);
			dependencies = (
				A06B2A3E1C17CACE00CB68AF /* PBXTargetDependency */,
			);
			name = Swift01UITests;
			productName = Swift01UITests;
			productReference = A06B2A3C1C17CACE00CB68AF /* Swift01UITests.xctest */;
			productType = "com.apple.product-type.bundle.ui-testing";
		};
/* End PBXNativeTarget section */

/* Begin PBXProject section */
		A06B2A151C17CACD00CB68AF /* Project object */ = {
			isa = PBXProject;
			attributes = {
				LastSwiftUpdateCheck = 0730;
				LastUpgradeCheck = 0710;
				ORGANIZATIONNAME = "張路斌";
				TargetAttributes = {
					A06B2A1C1C17CACD00CB68AF = {
						CreatedOnToolsVersion = 7.1.1;
						DevelopmentTeam = 487MZ6R5X8;
						SystemCapabilities = {
							com.apple.InAppPurchase = {
								enabled = 1;
							};
						};
					};
					A06B2A301C17CACD00CB68AF = {
						CreatedOnToolsVersion = 7.1.1;
						TestTargetID = A06B2A1C1C17CACD00CB68AF;
					};
					A06B2A3B1C17CACE00CB68AF = {
						CreatedOnToolsVersion = 7.1.1;
						TestTargetID = A06B2A1C1C17CACD00CB68AF;
					};
				};
			};
			buildConfigurationList = A06B2A181C17CACD00CB68AF /* Build configuration list for PBXProject "Swift01" */;
			compatibilityVersion = "Xcode 6.3";
			developmentRegion = English;
			hasScannedForEncodings = 0;
			knownRegions = (
				en,
				Base,
			);
			mainGroup = A06B2A141C17CACD00CB68AF;
			productRefGroup = A06B2A1E1C17CACD00CB68AF /* Products */;
			projectDirPath = "";
			projectRoot = "";
			targets = (
				A06B2A1C1C17CACD00CB68AF /* Swift01 */,
				A06B2A301C17CACD00CB68AF /* Swift01Tests */,
				A06B2A3B1C17CACE00CB68AF /* Swift01UITests */,
			);
		};
/* End PBXProject section */

/* Begin PBXResourcesBuildPhase section */
		A06B2A1B1C17CACD00CB68AF /* Resources */ = {
			isa = PBXResourcesBuildPhase;
			buildActionMask = 2147483647;
			files = (
				ADEB18871D09167D00C86030 /* Default-568@2x.png in Resources */,
				A06B2A2B1C17CACD00CB68AF /* LaunchScreen.storyboard in Resources */,
				AD6B39D51CD24D04005C2DF8 /* game in Resources */,
				A06B2A261C17CACD00CB68AF /* Main.storyboard in Resources */,
				AD6B39D61CD5F415005C2DF8 /* Assets.xcassets in Resources */,
				A06B2A571C17F09B00CB68AF /* lufylegend.swift.js in Resources */,
			);
			runOnlyForDeploymentPostprocessing = 0;
		};
		A06B2A2F1C17CACD00CB68AF /* Resources */ = {
			isa = PBXResourcesBuildPhase;
			buildActionMask = 2147483647;
			files = (
			);
			runOnlyForDeploymentPostprocessing = 0;
		};
		A06B2A3A1C17CACE00CB68AF /* Resources */ = {
			isa = PBXResourcesBuildPhase;
			buildActionMask = 2147483647;
			files = (
			);
			runOnlyForDeploymentPostprocessing = 0;
		};
/* End PBXResourcesBuildPhase section */

/* Begin PBXSourcesBuildPhase section */
		A06B2A191C17CACD00CB68AF /* Sources */ = {
			isa = PBXSourcesBuildPhase;
			buildActionMask = 2147483647;
			files = (
				AD8B67981CBFDD0800195B8D /* jsc.m in Sources */,
				AD6B39CF1CCC5E95005C2DF8 /* XXXPurchaseManager.swift in Sources */,
				AD6B39D11CCC62EB005C2DF8 /* XXXProductManager.swift in Sources */,
				A06B2A551C17DC4B00CB68AF /* Lufylegend.swift in Sources */,
				A06B2A231C17CACD00CB68AF /* ViewController.swift in Sources */,
				A06B2A211C17CACD00CB68AF /* AppDelegate.swift in Sources */,
			);
			runOnlyForDeploymentPostprocessing = 0;
		};
		A06B2A2D1C17CACD00CB68AF /* Sources */ = {
			isa = PBXSourcesBuildPhase;
			buildActionMask = 2147483647;
			files = (
				A06B2A361C17CACE00CB68AF /* Swift01Tests.swift in Sources */,
			);
			runOnlyForDeploymentPostprocessing = 0;
		};
		A06B2A381C17CACE00CB68AF /* Sources */ = {
			isa = PBXSourcesBuildPhase;
			buildActionMask = 2147483647;
			files = (
				A06B2A411C17CACF00CB68AF /* Swift01UITests.swift in Sources */,
			);
			runOnlyForDeploymentPostprocessing = 0;
		};
/* End PBXSourcesBuildPhase section */

/* Begin PBXTargetDependency section */
		A06B2A331C17CACD00CB68AF /* PBXTargetDependency */ = {
			isa = PBXTargetDependency;
			target = A06B2A1C1C17CACD00CB68AF /* Swift01 */;
			targetProxy = A06B2A321C17CACD00CB68AF /* PBXContainerItemProxy */;
		};
		A06B2A3E1C17CACE00CB68AF /* PBXTargetDependency */ = {
			isa = PBXTargetDependency;
			target = A06B2A1C1C17CACD00CB68AF /* Swift01 */;
			targetProxy = A06B2A3D1C17CACE00CB68AF /* PBXContainerItemProxy */;
		};
/* End PBXTargetDependency section */

/* Begin PBXVariantGroup section */
		A06B2A241C17CACD00CB68AF /* Main.storyboard */ = {
			isa = PBXVariantGroup;
			children = (
				A06B2A251C17CACD00CB68AF /* Base */,
			);
			name = Main.storyboard;
			sourceTree = "<group>";
		};
		A06B2A291C17CACD00CB68AF /* LaunchScreen.storyboard */ = {
			isa = PBXVariantGroup;
			children = (
				A06B2A2A1C17CACD00CB68AF /* Base */,
			);
			name = LaunchScreen.storyboard;
			sourceTree = "<group>";
		};
		ADEB18851D09167D00C86030 /* Default-568@2x.png */ = {
			isa = PBXVariantGroup;
			children = (
				ADEB18861D09167D00C86030 /* Base */,
			);
			name = "Default-568@2x.png";
			sourceTree = "<group>";
		};
/* End PBXVariantGroup section */

/* Begin XCBuildConfiguration section */
		A06B2A431C17CACF00CB68AF /* Debug */ = {
			isa = XCBuildConfiguration;
			buildSettings = {
				ALWAYS_SEARCH_USER_PATHS = NO;
				CLANG_CXX_LANGUAGE_STANDARD = "gnu++0x";
				CLANG_CXX_LIBRARY = "libc++";
				CLANG_ENABLE_MODULES = YES;
				CLANG_ENABLE_OBJC_ARC = YES;
				CLANG_WARN_BOOL_CONVERSION = YES;
				CLANG_WARN_CONSTANT_CONVERSION = YES;
				CLANG_WARN_DIRECT_OBJC_ISA_USAGE = YES_ERROR;
				CLANG_WARN_EMPTY_BODY = YES;
				CLANG_WARN_ENUM_CONVERSION = YES;
				CLANG_WARN_INT_CONVERSION = YES;
				CLANG_WARN_OBJC_ROOT_CLASS = YES_ERROR;
				CLANG_WARN_UNREACHABLE_CODE = YES;
				CLANG_WARN__DUPLICATE_METHOD_MATCH = YES;
				CODE_SIGN_IDENTITY = "iPhone Developer: lubin zhang (66X4HC73B2)";
				"CODE_SIGN_IDENTITY[sdk=iphoneos*]" = "iPhone Developer: lubin zhang (66X4HC73B2)";
				COPY_PHASE_STRIP = NO;
				DEBUG_INFORMATION_FORMAT = dwarf;
				EMBEDDED_CONTENT_CONTAINS_SWIFT = YES;
				ENABLE_STRICT_OBJC_MSGSEND = YES;
				ENABLE_TESTABILITY = YES;
				GCC_C_LANGUAGE_STANDARD = gnu99;
				GCC_DYNAMIC_NO_PIC = NO;
				GCC_NO_COMMON_BLOCKS = YES;
				GCC_OPTIMIZATION_LEVEL = 0;
				GCC_PREPROCESSOR_DEFINITIONS = (
					"DEBUG=1",
					"$(inherited)",
				);
				GCC_WARN_64_TO_32_BIT_CONVERSION = YES;
				GCC_WARN_ABOUT_RETURN_TYPE = YES_ERROR;
				GCC_WARN_UNDECLARED_SELECTOR = YES;
				GCC_WARN_UNINITIALIZED_AUTOS = YES_AGGRESSIVE;
				GCC_WARN_UNUSED_FUNCTION = YES;
				GCC_WARN_UNUSED_VARIABLE = YES;
				IPHONEOS_DEPLOYMENT_TARGET = 9.3;
				MTL_ENABLE_DEBUG_INFO = YES;
				ONLY_ACTIVE_ARCH = YES;
				PROVISIONING_PROFILE = "dcbc5a82-fab8-4c96-959a-24efe116b6f1";
				SDKROOT = iphoneos;
				SWIFT_OPTIMIZATION_LEVEL = "-Onone";
			};
			name = Debug;
		};
		A06B2A441C17CACF00CB68AF /* Release */ = {
			isa = XCBuildConfiguration;
			buildSettings = {
				ALWAYS_SEARCH_USER_PATHS = NO;
				CLANG_CXX_LANGUAGE_STANDARD = "gnu++0x";
				CLANG_CXX_LIBRARY = "libc++";
				CLANG_ENABLE_MODULES = YES;
				CLANG_ENABLE_OBJC_ARC = YES;
				CLANG_WARN_BOOL_CONVERSION = YES;
				CLANG_WARN_CONSTANT_CONVERSION = YES;
				CLANG_WARN_DIRECT_OBJC_ISA_USAGE = YES_ERROR;
				CLANG_WARN_EMPTY_BODY = YES;
				CLANG_WARN_ENUM_CONVERSION = YES;
				CLANG_WARN_INT_CONVERSION = YES;
				CLANG_WARN_OBJC_ROOT_CLASS = YES_ERROR;
				CLANG_WARN_UNREACHABLE_CODE = YES;
				CLANG_WARN__DUPLICATE_METHOD_MATCH = YES;
				CODE_SIGN_IDENTITY = "iPhone Developer: lubin zhang (66X4HC73B2)";
				"CODE_SIGN_IDENTITY[sdk=iphoneos*]" = "iPhone Developer: lubin zhang (66X4HC73B2)";
				COPY_PHASE_STRIP = NO;
				DEBUG_INFORMATION_FORMAT = dwarf;
				EMBEDDED_CONTENT_CONTAINS_SWIFT = YES;
				ENABLE_NS_ASSERTIONS = NO;
				ENABLE_STRICT_OBJC_MSGSEND = YES;
				GCC_C_LANGUAGE_STANDARD = gnu99;
				GCC_NO_COMMON_BLOCKS = YES;
				GCC_WARN_64_TO_32_BIT_CONVERSION = YES;
				GCC_WARN_ABOUT_RETURN_TYPE = YES_ERROR;
				GCC_WARN_UNDECLARED_SELECTOR = YES;
				GCC_WARN_UNINITIALIZED_AUTOS = YES_AGGRESSIVE;
				GCC_WARN_UNUSED_FUNCTION = YES;
				GCC_WARN_UNUSED_VARIABLE = YES;
				IPHONEOS_DEPLOYMENT_TARGET = 9.3;
				MTL_ENABLE_DEBUG_INFO = NO;
				PROVISIONING_PROFILE = "dcbc5a82-fab8-4c96-959a-24efe116b6f1";
				SDKROOT = iphoneos;
				VALIDATE_PRODUCT = YES;
			};
			name = Release;
		};
		A06B2A461C17CACF00CB68AF /* Debug */ = {
			isa = XCBuildConfiguration;
			buildSettings = {
				ASSETCATALOG_COMPILER_APPICON_NAME = AppIcon;
				CLANG_ENABLE_MODULES = YES;
				CODE_SIGN_IDENTITY = "iPhone Developer: lubin zhang (66X4HC73B2)";
				"CODE_SIGN_IDENTITY[sdk=iphoneos*]" = "iPhone Developer: lubin zhang (66X4HC73B2)";
				EMBEDDED_CONTENT_CONTAINS_SWIFT = YES;
				INFOPLIST_FILE = Swift01/Info.plist;
				IPHONEOS_DEPLOYMENT_TARGET = 7.0;
				LD_RUNPATH_SEARCH_PATHS = "$(inherited) @executable_path/Frameworks";
				PRODUCT_BUNDLE_IDENTIFIER = com.lufylegend.sgj;
				PRODUCT_NAME = "三国記";
				PROVISIONING_PROFILE = "dcbc5a82-fab8-4c96-959a-24efe116b6f1";
				"PROVISIONING_PROFILE[sdk=*]" = "dcbc5a82-fab8-4c96-959a-24efe116b6f1";
				SWIFT_OBJC_BRIDGING_HEADER = Swift01/jsc.h;
				SWIFT_OPTIMIZATION_LEVEL = "-Onone";
				TARGETED_DEVICE_FAMILY = "1,2";
			};
			name = Debug;
		};
		A06B2A471C17CACF00CB68AF /* Release */ = {
			isa = XCBuildConfiguration;
			buildSettings = {
				ASSETCATALOG_COMPILER_APPICON_NAME = AppIcon;
				CLANG_ENABLE_MODULES = YES;
				CODE_SIGN_IDENTITY = "iPhone Developer: lubin zhang (66X4HC73B2)";
				"CODE_SIGN_IDENTITY[sdk=iphoneos*]" = "iPhone Developer: lubin zhang (66X4HC73B2)";
				EMBEDDED_CONTENT_CONTAINS_SWIFT = YES;
				INFOPLIST_FILE = Swift01/Info.plist;
				IPHONEOS_DEPLOYMENT_TARGET = 7.0;
				LD_RUNPATH_SEARCH_PATHS = "$(inherited) @executable_path/Frameworks";
				PRODUCT_BUNDLE_IDENTIFIER = com.lufylegend.sgj;
				PRODUCT_NAME = "三国記";
				PROVISIONING_PROFILE = "dcbc5a82-fab8-4c96-959a-24efe116b6f1";
				"PROVISIONING_PROFILE[sdk=*]" = "dcbc5a82-fab8-4c96-959a-24efe116b6f1";
				SWIFT_OBJC_BRIDGING_HEADER = Swift01/jsc.h;
				TARGETED_DEVICE_FAMILY = "1,2";
			};
			name = Release;
		};
		A06B2A491C17CACF00CB68AF /* Debug */ = {
			isa = XCBuildConfiguration;
			buildSettings = {
				BUNDLE_LOADER = "$(TEST_HOST)";
				INFOPLIST_FILE = Swift01Tests/Info.plist;
				LD_RUNPATH_SEARCH_PATHS = "$(inherited) @executable_path/Frameworks @loader_path/Frameworks";
				PRODUCT_BUNDLE_IDENTIFIER = test.Swift01Tests;
				PRODUCT_NAME = "$(TARGET_NAME)";
				TEST_HOST = "$(BUILT_PRODUCTS_DIR)/Swift01.app/Swift01";
			};
			name = Debug;
		};
		A06B2A4A1C17CACF00CB68AF /* Release */ = {
			isa = XCBuildConfiguration;
			buildSettings = {
				BUNDLE_LOADER = "$(TEST_HOST)";
				INFOPLIST_FILE = Swift01Tests/Info.plist;
				LD_RUNPATH_SEARCH_PATHS = "$(inherited) @executable_path/Frameworks @loader_path/Frameworks";
				PRODUCT_BUNDLE_IDENTIFIER = test.Swift01Tests;
				PRODUCT_NAME = "$(TARGET_NAME)";
				TEST_HOST = "$(BUILT_PRODUCTS_DIR)/Swift01.app/Swift01";
			};
			name = Release;
		};
		A06B2A4C1C17CACF00CB68AF /* Debug */ = {
			isa = XCBuildConfiguration;
			buildSettings = {
				INFOPLIST_FILE = Swift01UITests/Info.plist;
				LD_RUNPATH_SEARCH_PATHS = "$(inherited) @executable_path/Frameworks @loader_path/Frameworks";
				PRODUCT_BUNDLE_IDENTIFIER = test.Swift01UITests;
				PRODUCT_NAME = "$(TARGET_NAME)";
				TEST_TARGET_NAME = Swift01;
				USES_XCTRUNNER = YES;
			};
			name = Debug;
		};
		A06B2A4D1C17CACF00CB68AF /* Release */ = {
			isa = XCBuildConfiguration;
			buildSettings = {
				INFOPLIST_FILE = Swift01UITests/Info.plist;
				LD_RUNPATH_SEARCH_PATHS = "$(inherited) @executable_path/Frameworks @loader_path/Frameworks";
				PRODUCT_BUNDLE_IDENTIFIER = test.Swift01UITests;
				PRODUCT_NAME = "$(TARGET_NAME)";
				TEST_TARGET_NAME = Swift01;
				USES_XCTRUNNER = YES;
			};
			name = Release;
		};
/* End XCBuildConfiguration section */

/* Begin XCConfigurationList section */
		A06B2A181C17CACD00CB68AF /* Build configuration list for PBXProject "Swift01" */ = {
			isa = XCConfigurationList;
			buildConfigurations = (
				A06B2A431C17CACF00CB68AF /* Debug */,
				A06B2A441C17CACF00CB68AF /* Release */,
			);
			defaultConfigurationIsVisible = 0;
			defaultConfigurationName = Release;
		};
		A06B2A451C17CACF00CB68AF /* Build configuration list for PBXNativeTarget "Swift01" */ = {
			isa = XCConfigurationList;
			buildConfigurations = (
				A06B2A461C17CACF00CB68AF /* Debug */,
				A06B2A471C17CACF00CB68AF /* Release */,
			);
			defaultConfigurationIsVisible = 0;
			defaultConfigurationName = Release;
		};
		A06B2A481C17CACF00CB68AF /* Build configuration list for PBXNativeTarget "Swift01Tests" */ = {
			isa = XCConfigurationList;
			buildConfigurations = (
				A06B2A491C17CACF00CB68AF /* Debug */,
				A06B2A4A1C17CACF00CB68AF /* Release */,
			);
			defaultConfigurationIsVisible = 0;
			defaultConfigurationName = Release;
		};
		A06B2A4B1C17CACF00CB68AF /* Build configuration list for PBXNativeTarget "Swift01UITests" */ = {
			isa = XCConfigurationList;
			buildConfigurations = (
				A06B2A4C1C17CACF00CB68AF /* Debug */,
				A06B2A4D1C17CACF00CB68AF /* Release */,
			);
			defaultConfigurationIsVisible = 0;
			defaultConfigurationName = Release;
		};
/* End XCConfigurationList section */
	};
	rootObject = A06B2A151C17CACD00CB68AF /* Project object */;
}
